
Microsoft Visual Studio Solution File, Format Version 12.00
# Visual Studio Version 16
VisualStudioVersion = 16.0.33423.256
MinimumVisualStudioVersion = 10.0.40219.1
Project("{FAE04EC0-301F-11D3-BF4B-00C04F79EFBC}") = "ejemploHerencia", "ejemploHerencia\ejemploHerencia.csproj", "{F752973A-F5DF-4034-9255-D244E3101875}"
EndProject
Project("{FAE04EC0-301F-11D3-BF4B-00C04F79EFBC}") = "ejemploHerencia2", "ejemploHerencia2\ejemploHerencia2.csproj", "{178F335D-3199-4ACC-92BA-781C7DE7726C}"
EndProject
Global
	GlobalSection(SolutionConfigurationPlatforms) = preSolution
		Debug|Any CPU = Debug|Any CPU
		Release|Any CPU = Release|Any CPU
	EndGlobalSection
	GlobalSection(ProjectConfigurationPlatforms) = postSolution
		{F752973A-F5DF-4034-9255-D244E3101875}.Debug|Any CPU.ActiveCfg = Debug|Any CPU
		{F752973A-F5DF-4034-9255-D244E3101875}.Debug|Any CPU.Build.0 = Debug|Any CPU
		{F752973A-F5DF-4034-9255-D244E3101875}.Release|Any CPU.ActiveCfg = Release|Any CPU
		{F752973A-F5DF-4034-9255-D244E3101875}.Release|Any CPU.Build.0 = Release|Any CPU
		{178F335D-3199-4ACC-92BA-781C7DE7726C}.Debug|Any CPU.ActiveCfg = Debug|Any CPU
		{178F335D-3199-4ACC-92BA-781C7DE7726C}.Debug|Any CPU.Build.0 = Debug|Any CPU
		{178F335D-3199-4ACC-92BA-781C7DE7726C}.Release|Any CPU.ActiveCfg = Release|Any CPU
		{178F335D-3199-4ACC-92BA-781C7DE7726C}.Release|Any CPU.Build.0 = Release|Any CPU
	EndGlobalSection
	GlobalSection(SolutionProperties) = preSolution
		HideSolutionNode = FALSE
	EndGlobalSection
	GlobalSection(ExtensibilityGlobals) = postSolution
		SolutionGuid = {585306C0-8E0E-445A-84D5-D0C5222E441A}
	EndGlobalSection
EndGlobal
